// !$*UTF8*$!
{
	archiveVersion = 1;
	classes = {
	};
	objectVersion = 46;
	objects = {

/* Begin PBXBuildFile section */
		4D90553615BB6D4400778589 /* SystemConfiguration.framework in Frameworks */ = {isa = PBXBuildFile; fileRef = 4D90553515BB6D4400778589 /* SystemConfiguration.framework */; };
		4D90553815BB6D4900778589 /* CFNetwork.framework in Frameworks */ = {isa = PBXBuildFile; fileRef = 4D90553715BB6D4900778589 /* CFNetwork.framework */; };
		4D9055B015BB743C00778589 /* CoreLocation.framework in Frameworks */ = {isa = PBXBuildFile; fileRef = 4D9055AF15BB743C00778589 /* CoreLocation.framework */; };
		4D9055BC15BB8F1500778589 /* deal_default.png in Resources */ = {isa = PBXBuildFile; fileRef = 4D9055BB15BB8F1500778589 /* deal_default.png */; };
		4D9055E115BBBA7000778589 /* Default.png in Resources */ = {isa = PBXBuildFile; fileRef = 4D9055E015BBBA7000778589 /* Default.png */; };
		4D9055E915BBC13D00778589 /* libCardIO.a in Frameworks */ = {isa = PBXBuildFile; fileRef = 4D9055E815BBC13D00778589 /* libCardIO.a */; };
		4D9055EB15BBC17700778589 /* AVFoundation.framework in Frameworks */ = {isa = PBXBuildFile; fileRef = 4D9055EA15BBC17700778589 /* AVFoundation.framework */; };
		4D9055ED15BBC17F00778589 /* AudioToolbox.framework in Frameworks */ = {isa = PBXBuildFile; fileRef = 4D9055EC15BBC17F00778589 /* AudioToolbox.framework */; };
		4D9055EF15BBC18600778589 /* CoreMedia.framework in Frameworks */ = {isa = PBXBuildFile; fileRef = 4D9055EE15BBC18600778589 /* CoreMedia.framework */; };
		4D9055F115BBC18D00778589 /* CoreVideo.framework in Frameworks */ = {isa = PBXBuildFile; fileRef = 4D9055F015BBC18D00778589 /* CoreVideo.framework */; };
		4D9055F315BBC19500778589 /* MobileCoreServices.framework in Frameworks */ = {isa = PBXBuildFile; fileRef = 4D9055F215BBC19500778589 /* MobileCoreServices.framework */; };
		4D9055F515BBC19C00778589 /* QuartzCore.framework in Frameworks */ = {isa = PBXBuildFile; fileRef = 4D9055F415BBC19C00778589 /* QuartzCore.framework */; };
		4D9055F715BBC1A400778589 /* Security.framework in Frameworks */ = {isa = PBXBuildFile; fileRef = 4D9055F615BBC1A400778589 /* Security.framework */; };
		4DE40D1C1785C93E0086052F /* Default-568h@2x.png in Resources */ = {isa = PBXBuildFile; fileRef = 4DE40D1A1785C93E0086052F /* Default-568h@2x.png */; };
		4DE40D1D1785C93E0086052F /* Default@2x.png in Resources */ = {isa = PBXBuildFile; fileRef = 4DE40D1B1785C93E0086052F /* Default@2x.png */; };
		4DE98DD915BC75B9008ED442 /* MapKit.framework in Frameworks */ = {isa = PBXBuildFile; fileRef = 4DE98DD815BC75B9008ED442 /* MapKit.framework */; };
		4DE98DDD15BC7662008ED442 /* 07-map-marker.png in Resources */ = {isa = PBXBuildFile; fileRef = 4DE98DDB15BC7662008ED442 /* 07-map-marker.png */; };
		4DE98DDE15BC7662008ED442 /* 07-map-marker@2x.png in Resources */ = {isa = PBXBuildFile; fileRef = 4DE98DDC15BC7662008ED442 /* 07-map-marker@2x.png */; };
		4DE98DE115BC777A008ED442 /* MapViewController.m in Sources */ = {isa = PBXBuildFile; fileRef = 4DE98DE015BC777A008ED442 /* MapViewController.m */; };
		4DE98DE815BC7860008ED442 /* DealPlaceMark.m in Sources */ = {isa = PBXBuildFile; fileRef = 4DE98DE715BC7860008ED442 /* DealPlaceMark.m */; };
		4DE98DED15BC8C0A008ED442 /* ojbutton-highlight.png in Resources */ = {isa = PBXBuildFile; fileRef = 4DE98DE915BC8C0A008ED442 /* ojbutton-highlight.png */; };
		4DE98DEE15BC8C0A008ED442 /* ojbutton.png in Resources */ = {isa = PBXBuildFile; fileRef = 4DE98DEA15BC8C0A008ED442 /* ojbutton.png */; };
		4DE98DEF15BC8C0A008ED442 /* redbutton-highlight.png in Resources */ = {isa = PBXBuildFile; fileRef = 4DE98DEB15BC8C0A008ED442 /* redbutton-highlight.png */; };
		4DE98DF015BC8C0A008ED442 /* redbutton.png in Resources */ = {isa = PBXBuildFile; fileRef = 4DE98DEC15BC8C0A008ED442 /* redbutton.png */; };
		4DE98DF715BC93BD008ED442 /* icon114x114.png in Resources */ = {isa = PBXBuildFile; fileRef = 4DE98DF615BC93BD008ED442 /* icon114x114.png */; };
		4DEB306B15BB57DF006DDE62 /* UIKit.framework in Frameworks */ = {isa = PBXBuildFile; fileRef = 4DEB306A15BB57DF006DDE62 /* UIKit.framework */; };
		4DEB306D15BB57DF006DDE62 /* Foundation.framework in Frameworks */ = {isa = PBXBuildFile; fileRef = 4DEB306C15BB57DF006DDE62 /* Foundation.framework */; };
		4DEB306F15BB57DF006DDE62 /* CoreGraphics.framework in Frameworks */ = {isa = PBXBuildFile; fileRef = 4DEB306E15BB57DF006DDE62 /* CoreGraphics.framework */; };
		4DEB307515BB57DF006DDE62 /* InfoPlist.strings in Resources */ = {isa = PBXBuildFile; fileRef = 4DEB307315BB57DF006DDE62 /* InfoPlist.strings */; };
		4DEB307715BB57DF006DDE62 /* main.m in Sources */ = {isa = PBXBuildFile; fileRef = 4DEB307615BB57DF006DDE62 /* main.m */; };
		4DEB307B15BB57DF006DDE62 /* AppDelegate.m in Sources */ = {isa = PBXBuildFile; fileRef = 4DEB307A15BB57DF006DDE62 /* AppDelegate.m */; };
		4DEB307E15BB57DF006DDE62 /* MainStoryboard_iPhone.storyboard in Resources */ = {isa = PBXBuildFile; fileRef = 4DEB307C15BB57DF006DDE62 /* MainStoryboard_iPhone.storyboard */; };
		4DEB308115BB57DF006DDE62 /* MainStoryboard_iPad.storyboard in Resources */ = {isa = PBXBuildFile; fileRef = 4DEB307F15BB57DF006DDE62 /* MainStoryboard_iPad.storyboard */; };
		4DEB308415BB57DF006DDE62 /* MainViewController.m in Sources */ = {isa = PBXBuildFile; fileRef = 4DEB308315BB57DF006DDE62 /* MainViewController.m */; };
		4DEB309215BB5DEA006DDE62 /* DealDetailViewController.m in Sources */ = {isa = PBXBuildFile; fileRef = 4DEB309115BB5DEA006DDE62 /* DealDetailViewController.m */; };
		4DEB309515BB60E7006DDE62 /* FilterViewController.m in Sources */ = {isa = PBXBuildFile; fileRef = 4DEB309415BB60E7006DDE62 /* FilterViewController.m */; };
		6164D5DF15BBCBB400970109 /* ICON2.png in Resources */ = {isa = PBXBuildFile; fileRef = 6164D5DE15BBCBB400970109 /* ICON2.png */; };
/* End PBXBuildFile section */

/* Begin PBXFileReference section */
		4D90553515BB6D4400778589 /* SystemConfiguration.framework */ = {isa = PBXFileReference; lastKnownFileType = wrapper.framework; name = SystemConfiguration.framework; path = System/Library/Frameworks/SystemConfiguration.framework; sourceTree = SDKROOT; };
		4D90553715BB6D4900778589 /* CFNetwork.framework */ = {isa = PBXFileReference; lastKnownFileType = wrapper.framework; name = CFNetwork.framework; path = System/Library/Frameworks/CFNetwork.framework; sourceTree = SDKROOT; };
		4D9055AF15BB743C00778589 /* CoreLocation.framework */ = {isa = PBXFileReference; lastKnownFileType = wrapper.framework; name = CoreLocation.framework; path = System/Library/Frameworks/CoreLocation.framework; sourceTree = SDKROOT; };
		4D9055BB15BB8F1500778589 /* deal_default.png */ = {isa = PBXFileReference; lastKnownFileType = image.png; path = deal_default.png; sourceTree = SOURCE_ROOT; };
		4D9055E015BBBA7000778589 /* Default.png */ = {isa = PBXFileReference; lastKnownFileType = image.png; path = Default.png; sourceTree = "<group>"; };
		4D9055E415BBC13D00778589 /* CardIO.h */ = {isa = PBXFileReference; fileEncoding = 4; lastKnownFileType = sourcecode.c.h; path = CardIO.h; sourceTree = "<group>"; };
		4D9055E515BBC13D00778589 /* CardIOCreditCardInfo.h */ = {isa = PBXFileReference; fileEncoding = 4; lastKnownFileType = sourcecode.c.h; path = CardIOCreditCardInfo.h; sourceTree = "<group>"; };
		4D9055E615BBC13D00778589 /* CardIOPaymentViewController.h */ = {isa = PBXFileReference; fileEncoding = 4; lastKnownFileType = sourcecode.c.h; path = CardIOPaymentViewController.h; sourceTree = "<group>"; };
		4D9055E715BBC13D00778589 /* CardIOPaymentViewControllerDelegate.h */ = {isa = PBXFileReference; fileEncoding = 4; lastKnownFileType = sourcecode.c.h; path = CardIOPaymentViewControllerDelegate.h; sourceTree = "<group>"; };
		4D9055E815BBC13D00778589 /* libCardIO.a */ = {isa = PBXFileReference; lastKnownFileType = archive.ar; path = libCardIO.a; sourceTree = "<group>"; };
		4D9055EA15BBC17700778589 /* AVFoundation.framework */ = {isa = PBXFileReference; lastKnownFileType = wrapper.framework; name = AVFoundation.framework; path = System/Library/Frameworks/AVFoundation.framework; sourceTree = SDKROOT; };
		4D9055EC15BBC17F00778589 /* AudioToolbox.framework */ = {isa = PBXFileReference; lastKnownFileType = wrapper.framework; name = AudioToolbox.framework; path = System/Library/Frameworks/AudioToolbox.framework; sourceTree = SDKROOT; };
		4D9055EE15BBC18600778589 /* CoreMedia.framework */ = {isa = PBXFileReference; lastKnownFileType = wrapper.framework; name = CoreMedia.framework; path = System/Library/Frameworks/CoreMedia.framework; sourceTree = SDKROOT; };
		4D9055F015BBC18D00778589 /* CoreVideo.framework */ = {isa = PBXFileReference; lastKnownFileType = wrapper.framework; name = CoreVideo.framework; path = System/Library/Frameworks/CoreVideo.framework; sourceTree = SDKROOT; };
		4D9055F215BBC19500778589 /* MobileCoreServices.framework */ = {isa = PBXFileReference; lastKnownFileType = wrapper.framework; name = MobileCoreServices.framework; path = System/Library/Frameworks/MobileCoreServices.framework; sourceTree = SDKROOT; };
		4D9055F415BBC19C00778589 /* QuartzCore.framework */ = {isa = PBXFileReference; lastKnownFileType = wrapper.framework; name = QuartzCore.framework; path = System/Library/Frameworks/QuartzCore.framework; sourceTree = SDKROOT; };
		4D9055F615BBC1A400778589 /* Security.framework */ = {isa = PBXFileReference; lastKnownFileType = wrapper.framework; name = Security.framework; path = System/Library/Frameworks/Security.framework; sourceTree = SDKROOT; };
		4DE40D1A1785C93E0086052F /* Default-568h@2x.png */ = {isa = PBXFileReference; lastKnownFileType = image.png; path = "Default-568h@2x.png"; sourceTree = "<group>"; };
		4DE40D1B1785C93E0086052F /* Default@2x.png */ = {isa = PBXFileReference; lastKnownFileType = image.png; path = "Default@2x.png"; sourceTree = "<group>"; };
		4DE98DD815BC75B9008ED442 /* MapKit.framework */ = {isa = PBXFileReference; lastKnownFileType = wrapper.framework; name = MapKit.framework; path = System/Library/Frameworks/MapKit.framework; sourceTree = SDKROOT; };
		4DE98DDB15BC7662008ED442 /* 07-map-marker.png */ = {isa = PBXFileReference; lastKnownFileType = image.png; path = "07-map-marker.png"; sourceTree = "<group>"; };
		4DE98DDC15BC7662008ED442 /* 07-map-marker@2x.png */ = {isa = PBXFileReference; lastKnownFileType = image.png; path = "07-map-marker@2x.png"; sourceTree = "<group>"; };
		4DE98DDF15BC777A008ED442 /* MapViewController.h */ = {isa = PBXFileReference; fileEncoding = 4; lastKnownFileType = sourcecode.c.h; path = MapViewController.h; sourceTree = "<group>"; };
		4DE98DE015BC777A008ED442 /* MapViewController.m */ = {isa = PBXFileReference; fileEncoding = 4; lastKnownFileType = sourcecode.c.objc; path = MapViewController.m; sourceTree = "<group>"; };
		4DE98DE615BC7860008ED442 /* DealPlaceMark.h */ = {isa = PBXFileReference; fileEncoding = 4; lastKnownFileType = sourcecode.c.h; path = DealPlaceMark.h; sourceTree = "<group>"; };
		4DE98DE715BC7860008ED442 /* DealPlaceMark.m */ = {isa = PBXFileReference; fileEncoding = 4; lastKnownFileType = sourcecode.c.objc; path = DealPlaceMark.m; sourceTree = "<group>"; };
		4DE98DE915BC8C0A008ED442 /* ojbutton-highlight.png */ = {isa = PBXFileReference; lastKnownFileType = image.png; path = "ojbutton-highlight.png"; sourceTree = "<group>"; };
		4DE98DEA15BC8C0A008ED442 /* ojbutton.png */ = {isa = PBXFileReference; lastKnownFileType = image.png; path = ojbutton.png; sourceTree = "<group>"; };
		4DE98DEB15BC8C0A008ED442 /* redbutton-highlight.png */ = {isa = PBXFileReference; lastKnownFileType = image.png; path = "redbutton-highlight.png"; sourceTree = "<group>"; };
		4DE98DEC15BC8C0A008ED442 /* redbutton.png */ = {isa = PBXFileReference; lastKnownFileType = image.png; path = redbutton.png; sourceTree = "<group>"; };
		4DE98DF615BC93BD008ED442 /* icon114x114.png */ = {isa = PBXFileReference; lastKnownFileType = image.png; path = icon114x114.png; sourceTree = "<group>"; };
		4DEB306615BB57DF006DDE62 /* GetIt.app */ = {isa = PBXFileReference; explicitFileType = wrapper.application; includeInIndex = 0; path = GetIt.app; sourceTree = BUILT_PRODUCTS_DIR; };
		4DEB306A15BB57DF006DDE62 /* UIKit.framework */ = {isa = PBXFileReference; lastKnownFileType = wrapper.framework; name = UIKit.framework; path = System/Library/Frameworks/UIKit.framework; sourceTree = SDKROOT; };
		4DEB306C15BB57DF006DDE62 /* Foundation.framework */ = {isa = PBXFileReference; lastKnownFileType = wrapper.framework; name = Foundation.framework; path = System/Library/Frameworks/Foundation.framework; sourceTree = SDKROOT; };
		4DEB306E15BB57DF006DDE62 /* CoreGraphics.framework */ = {isa = PBXFileReference; lastKnownFileType = wrapper.framework; name = CoreGraphics.framework; path = System/Library/Frameworks/CoreGraphics.framework; sourceTree = SDKROOT; };
		4DEB307215BB57DF006DDE62 /* GetIt-Info.plist */ = {isa = PBXFileReference; lastKnownFileType = text.plist.xml; path = "GetIt-Info.plist"; sourceTree = "<group>"; };
		4DEB307415BB57DF006DDE62 /* en */ = {isa = PBXFileReference; lastKnownFileType = text.plist.strings; name = en; path = en.lproj/InfoPlist.strings; sourceTree = "<group>"; };
		4DEB307615BB57DF006DDE62 /* main.m */ = {isa = PBXFileReference; lastKnownFileType = sourcecode.c.objc; path = main.m; sourceTree = "<group>"; };
		4DEB307815BB57DF006DDE62 /* GetIt-Prefix.pch */ = {isa = PBXFileReference; lastKnownFileType = sourcecode.c.h; path = "GetIt-Prefix.pch"; sourceTree = "<group>"; };
		4DEB307915BB57DF006DDE62 /* AppDelegate.h */ = {isa = PBXFileReference; lastKnownFileType = sourcecode.c.h; path = AppDelegate.h; sourceTree = "<group>"; };
		4DEB307A15BB57DF006DDE62 /* AppDelegate.m */ = {isa = PBXFileReference; lastKnownFileType = sourcecode.c.objc; path = AppDelegate.m; sourceTree = "<group>"; };
		4DEB307D15BB57DF006DDE62 /* en */ = {isa = PBXFileReference; lastKnownFileType = file.storyboard; name = en; path = en.lproj/MainStoryboard_iPhone.storyboard; sourceTree = "<group>"; };
		4DEB308015BB57DF006DDE62 /* en */ = {isa = PBXFileReference; lastKnownFileType = file.storyboard; name = en; path = en.lproj/MainStoryboard_iPad.storyboard; sourceTree = "<group>"; };
		4DEB308215BB57DF006DDE62 /* MainViewController.h */ = {isa = PBXFileReference; lastKnownFileType = sourcecode.c.h; path = MainViewController.h; sourceTree = "<group>"; };
		4DEB308315BB57DF006DDE62 /* MainViewController.m */ = {isa = PBXFileReference; lastKnownFileType = sourcecode.c.objc; path = MainViewController.m; sourceTree = "<group>"; };
		4DEB309015BB5DEA006DDE62 /* DealDetailViewController.h */ = {isa = PBXFileReference; fileEncoding = 4; lastKnownFileType = sourcecode.c.h; path = DealDetailViewController.h; sourceTree = "<group>"; };
		4DEB309115BB5DEA006DDE62 /* DealDetailViewController.m */ = {isa = PBXFileReference; fileEncoding = 4; lastKnownFileType = sourcecode.c.objc; path = DealDetailViewController.m; sourceTree = "<group>"; };
		4DEB309315BB60E7006DDE62 /* FilterViewController.h */ = {isa = PBXFileReference; fileEncoding = 4; lastKnownFileType = sourcecode.c.h; path = FilterViewController.h; sourceTree = "<group>"; };
		4DEB309415BB60E7006DDE62 /* FilterViewController.m */ = {isa = PBXFileReference; fileEncoding = 4; lastKnownFileType = sourcecode.c.objc; path = FilterViewController.m; sourceTree = "<group>"; };
		6164D5DE15BBCBB400970109 /* ICON2.png */ = {isa = PBXFileReference; lastKnownFileType = image.png; path = ICON2.png; sourceTree = "<group>"; };
/* End PBXFileReference section */

/* Begin PBXFrameworksBuildPhase section */
		4DEB306315BB57DF006DDE62 /* Frameworks */ = {
			isa = PBXFrameworksBuildPhase;
			buildActionMask = 2147483647;
			files = (
				4DE98DD915BC75B9008ED442 /* MapKit.framework in Frameworks */,
				4D90553615BB6D4400778589 /* SystemConfiguration.framework in Frameworks */,
				4D9055F715BBC1A400778589 /* Security.framework in Frameworks */,
				4D9055F515BBC19C00778589 /* QuartzCore.framework in Frameworks */,
				4D9055F315BBC19500778589 /* MobileCoreServices.framework in Frameworks */,
				4D9055F115BBC18D00778589 /* CoreVideo.framework in Frameworks */,
				4D9055EF15BBC18600778589 /* CoreMedia.framework in Frameworks */,
				4D9055ED15BBC17F00778589 /* AudioToolbox.framework in Frameworks */,
				4D9055EB15BBC17700778589 /* AVFoundation.framework in Frameworks */,
				4D9055B015BB743C00778589 /* CoreLocation.framework in Frameworks */,
				4D90553815BB6D4900778589 /* CFNetwork.framework in Frameworks */,
				4DEB306B15BB57DF006DDE62 /* UIKit.framework in Frameworks */,
				4DEB306D15BB57DF006DDE62 /* Foundation.framework in Frameworks */,
				4DEB306F15BB57DF006DDE62 /* CoreGraphics.framework in Frameworks */,
				4D9055E915BBC13D00778589 /* libCardIO.a in Frameworks */,
			);
			runOnlyForDeploymentPostprocessing = 0;
		};
/* End PBXFrameworksBuildPhase section */

/* Begin PBXGroup section */
		4D9054B615BB6C3D00778589 /* External */ = {
			isa = PBXGroup;
			children = (
				4D9055E315BBC13D00778589 /* CardIO */,
				4D9055BB15BB8F1500778589 /* deal_default.png */,
			);
			path = External;
			sourceTree = "<group>";
		};
		4D9055E315BBC13D00778589 /* CardIO */ = {
			isa = PBXGroup;
			children = (
				4D9055E415BBC13D00778589 /* CardIO.h */,
				4D9055E515BBC13D00778589 /* CardIOCreditCardInfo.h */,
				4D9055E615BBC13D00778589 /* CardIOPaymentViewController.h */,
				4D9055E715BBC13D00778589 /* CardIOPaymentViewControllerDelegate.h */,
				4D9055E815BBC13D00778589 /* libCardIO.a */,
			);
			path = CardIO;
			sourceTree = "<group>";
		};
		4DE98DF115BC8C13008ED442 /* UI Resources */ = {
			isa = PBXGroup;
			children = (
				4DE40D1A1785C93E0086052F /* Default-568h@2x.png */,
				4DE40D1B1785C93E0086052F /* Default@2x.png */,
				4DE98DF615BC93BD008ED442 /* icon114x114.png */,
				4DE98DE915BC8C0A008ED442 /* ojbutton-highlight.png */,
				4DE98DEA15BC8C0A008ED442 /* ojbutton.png */,
				4DE98DEB15BC8C0A008ED442 /* redbutton-highlight.png */,
				4DE98DEC15BC8C0A008ED442 /* redbutton.png */,
				4DE98DDB15BC7662008ED442 /* 07-map-marker.png */,
				4DE98DDC15BC7662008ED442 /* 07-map-marker@2x.png */,
				6164D5DE15BBCBB400970109 /* ICON2.png */,
				4D9055E015BBBA7000778589 /* Default.png */,
			);
			name = "UI Resources";
			sourceTree = "<group>";
		};
		4DEB305B15BB57DF006DDE62 = {
			isa = PBXGroup;
			children = (
				4DE98DF115BC8C13008ED442 /* UI Resources */,
				4D9054B615BB6C3D00778589 /* External */,
				4DEB307015BB57DF006DDE62 /* GetIt */,
				4DEB306915BB57DF006DDE62 /* Frameworks */,
				4DEB306715BB57DF006DDE62 /* Products */,
			);
			sourceTree = "<group>";
		};
		4DEB306715BB57DF006DDE62 /* Products */ = {
			isa = PBXGroup;
			children = (
				4DEB306615BB57DF006DDE62 /* GetIt.app */,
			);
			name = Products;
			sourceTree = "<group>";
		};
		4DEB306915BB57DF006DDE62 /* Frameworks */ = {
			isa = PBXGroup;
			children = (
				4DE98DD815BC75B9008ED442 /* MapKit.framework */,
				4D9055F615BBC1A400778589 /* Security.framework */,
				4D9055F415BBC19C00778589 /* QuartzCore.framework */,
				4D9055F215BBC19500778589 /* MobileCoreServices.framework */,
				4D9055F015BBC18D00778589 /* CoreVideo.framework */,
				4D9055EE15BBC18600778589 /* CoreMedia.framework */,
				4D9055EC15BBC17F00778589 /* AudioToolbox.framework */,
				4D9055EA15BBC17700778589 /* AVFoundation.framework */,
				4D9055AF15BB743C00778589 /* CoreLocation.framework */,
				4D90553515BB6D4400778589 /* SystemConfiguration.framework */,
				4D90553715BB6D4900778589 /* CFNetwork.framework */,
				4DEB306A15BB57DF006DDE62 /* UIKit.framework */,
				4DEB306C15BB57DF006DDE62 /* Foundation.framework */,
				4DEB306E15BB57DF006DDE62 /* CoreGraphics.framework */,
			);
			name = Frameworks;
			sourceTree = "<group>";
		};
		4DEB307015BB57DF006DDE62 /* GetIt */ = {
			isa = PBXGroup;
			children = (
				4DEB307915BB57DF006DDE62 /* AppDelegate.h */,
				4DEB307A15BB57DF006DDE62 /* AppDelegate.m */,
				4DEB307C15BB57DF006DDE62 /* MainStoryboard_iPhone.storyboard */,
				4DEB307F15BB57DF006DDE62 /* MainStoryboard_iPad.storyboard */,
				4DEB308215BB57DF006DDE62 /* MainViewController.h */,
				4DEB308315BB57DF006DDE62 /* MainViewController.m */,
				4DEB309015BB5DEA006DDE62 /* DealDetailViewController.h */,
				4DEB309115BB5DEA006DDE62 /* DealDetailViewController.m */,
				4DEB309315BB60E7006DDE62 /* FilterViewController.h */,
				4DEB309415BB60E7006DDE62 /* FilterViewController.m */,
				4DE98DDF15BC777A008ED442 /* MapViewController.h */,
				4DE98DE015BC777A008ED442 /* MapViewController.m */,
				4DE98DE615BC7860008ED442 /* DealPlaceMark.h */,
				4DE98DE715BC7860008ED442 /* DealPlaceMark.m */,
				4DEB307115BB57DF006DDE62 /* Supporting Files */,
			);
			path = GetIt;
			sourceTree = "<group>";
		};
		4DEB307115BB57DF006DDE62 /* Supporting Files */ = {
			isa = PBXGroup;
			children = (
				4DEB307215BB57DF006DDE62 /* GetIt-Info.plist */,
				4DEB307315BB57DF006DDE62 /* InfoPlist.strings */,
				4DEB307615BB57DF006DDE62 /* main.m */,
				4DEB307815BB57DF006DDE62 /* GetIt-Prefix.pch */,
			);
			name = "Supporting Files";
			sourceTree = "<group>";
		};
/* End PBXGroup section */

/* Begin PBXNativeTarget section */
		4DEB306515BB57DF006DDE62 /* GetIt */ = {
			isa = PBXNativeTarget;
			buildConfigurationList = 4DEB308715BB57DF006DDE62 /* Build configuration list for PBXNativeTarget "GetIt" */;
			buildPhases = (
				4DEB306215BB57DF006DDE62 /* Sources */,
				4DEB306315BB57DF006DDE62 /* Frameworks */,
				4DEB306415BB57DF006DDE62 /* Resources */,
			);
			buildRules = (
			);
			dependencies = (
			);
			name = GetIt;
			productName = GetIt;
			productReference = 4DEB306615BB57DF006DDE62 /* GetIt.app */;
			productType = "com.apple.product-type.application";
		};
/* End PBXNativeTarget section */

/* Begin PBXProject section */
		4DEB305D15BB57DF006DDE62 /* Project object */ = {
			isa = PBXProject;
			attributes = {
				LastUpgradeCheck = 0440;
				ORGANIZATIONNAME = GetIt;
			};
			buildConfigurationList = 4DEB306015BB57DF006DDE62 /* Build configuration list for PBXProject "GetIt" */;
			compatibilityVersion = "Xcode 3.2";
			developmentRegion = English;
			hasScannedForEncodings = 0;
			knownRegions = (
				en,
			);
			mainGroup = 4DEB305B15BB57DF006DDE62;
			productRefGroup = 4DEB306715BB57DF006DDE62 /* Products */;
			projectDirPath = "";
			projectRoot = "";
			targets = (
				4DEB306515BB57DF006DDE62 /* GetIt */,
			);
		};
/* End PBXProject section */

/* Begin PBXResourcesBuildPhase section */
		4DEB306415BB57DF006DDE62 /* Resources */ = {
			isa = PBXResourcesBuildPhase;
			buildActionMask = 2147483647;
			files = (
				4DEB307515BB57DF006DDE62 /* InfoPlist.strings in Resources */,
				4DEB307E15BB57DF006DDE62 /* MainStoryboard_iPhone.storyboard in Resources */,
				4DEB308115BB57DF006DDE62 /* MainStoryboard_iPad.storyboard in Resources */,
				4D9055BC15BB8F1500778589 /* deal_default.png in Resources */,
				4D9055E115BBBA7000778589 /* Default.png in Resources */,
				6164D5DF15BBCBB400970109 /* ICON2.png in Resources */,
				4DE98DDD15BC7662008ED442 /* 07-map-marker.png in Resources */,
				4DE98DDE15BC7662008ED442 /* 07-map-marker@2x.png in Resources */,
				4DE98DED15BC8C0A008ED442 /* ojbutton-highlight.png in Resources */,
				4DE98DEE15BC8C0A008ED442 /* ojbutton.png in Resources */,
				4DE98DEF15BC8C0A008ED442 /* redbutton-highlight.png in Resources */,
				4DE98DF015BC8C0A008ED442 /* redbutton.png in Resources */,
				4DE98DF715BC93BD008ED442 /* icon114x114.png in Resources */,
				4DE40D1C1785C93E0086052F /* Default-568h@2x.png in Resources */,
				4DE40D1D1785C93E0086052F /* Default@2x.png in Resources */,
			);
			runOnlyForDeploymentPostprocessing = 0;
		};
/* End PBXResourcesBuildPhase section */

/* Begin PBXSourcesBuildPhase section */
		4DEB306215BB57DF006DDE62 /* Sources */ = {
			isa = PBXSourcesBuildPhase;
			buildActionMask = 2147483647;
			files = (
				4DEB307715BB57DF006DDE62 /* main.m in Sources */,
				4DEB307B15BB57DF006DDE62 /* AppDelegate.m in Sources */,
				4DEB308415BB57DF006DDE62 /* MainViewController.m in Sources */,
				4DEB309215BB5DEA006DDE62 /* DealDetailViewController.m in Sources */,
				4DEB309515BB60E7006DDE62 /* FilterViewController.m in Sources */,
				4DE98DE115BC777A008ED442 /* MapViewController.m in Sources */,
				4DE98DE815BC7860008ED442 /* DealPlaceMark.m in Sources */,
			);
			runOnlyForDeploymentPostprocessing = 0;
		};
/* End PBXSourcesBuildPhase section */

/* Begin PBXVariantGroup section */
		4DEB307315BB57DF006DDE62 /* InfoPlist.strings */ = {
			isa = PBXVariantGroup;
			children = (
				4DEB307415BB57DF006DDE62 /* en */,
			);
			name = InfoPlist.strings;
			sourceTree = "<group>";
		};
		4DEB307C15BB57DF006DDE62 /* MainStoryboard_iPhone.storyboard */ = {
			isa = PBXVariantGroup;
			children = (
				4DEB307D15BB57DF006DDE62 /* en */,
			);
			name = MainStoryboard_iPhone.storyboard;
			sourceTree = "<group>";
		};
		4DEB307F15BB57DF006DDE62 /* MainStoryboard_iPad.storyboard */ = {
			isa = PBXVariantGroup;
			children = (
				4DEB308015BB57DF006DDE62 /* en */,
			);
			name = MainStoryboard_iPad.storyboard;
			sourceTree = "<group>";
		};
/* End PBXVariantGroup section */

/* Begin XCBuildConfiguration section */
		4DEB308515BB57DF006DDE62 /* Debug */ = {
			isa = XCBuildConfiguration;
			buildSettings = {
				ALWAYS_SEARCH_USER_PATHS = NO;
				ARCHS = "$(ARCHS_STANDARD_32_BIT)";
				CLANG_CXX_LANGUAGE_STANDARD = "gnu++0x";
				CLANG_ENABLE_OBJC_ARC = YES;
				CLANG_WARN__DUPLICATE_METHOD_MATCH = YES;
				"CODE_SIGN_IDENTITY[sdk=iphoneos*]" = "iPhone Developer";
				COPY_PHASE_STRIP = NO;
				GCC_C_LANGUAGE_STANDARD = gnu99;
				GCC_DYNAMIC_NO_PIC = NO;
				GCC_OPTIMIZATION_LEVEL = 0;
				GCC_PREPROCESSOR_DEFINITIONS = (
					"DEBUG=1",
					"$(inherited)",
				);
				GCC_SYMBOLS_PRIVATE_EXTERN = NO;
				GCC_VERSION = com.apple.compilers.llvm.clang.1_0;
				GCC_WARN_ABOUT_RETURN_TYPE = YES;
				GCC_WARN_UNINITIALIZED_AUTOS = YES;
				GCC_WARN_UNUSED_VARIABLE = YES;
				IPHONEOS_DEPLOYMENT_TARGET = 5.1;
				SDKROOT = iphoneos;
				TARGETED_DEVICE_FAMILY = "1,2";
			};
			name = Debug;
		};
		4DEB308615BB57DF006DDE62 /* Release */ = {
			isa = XCBuildConfiguration;
			buildSettings = {
				ALWAYS_SEARCH_USER_PATHS = NO;
				ARCHS = "$(ARCHS_STANDARD_32_BIT)";
				CLANG_CXX_LANGUAGE_STANDARD = "gnu++0x";
				CLANG_ENABLE_OBJC_ARC = YES;
				CLANG_WARN__DUPLICATE_METHOD_MATCH = YES;
				"CODE_SIGN_IDENTITY[sdk=iphoneos*]" = "iPhone Developer";
				COPY_PHASE_STRIP = YES;
				GCC_C_LANGUAGE_STANDARD = gnu99;
				GCC_VERSION = com.apple.compilers.llvm.clang.1_0;
				GCC_WARN_ABOUT_RETURN_TYPE = YES;
				GCC_WARN_UNINITIALIZED_AUTOS = YES;
				GCC_WARN_UNUSED_VARIABLE = YES;
				IPHONEOS_DEPLOYMENT_TARGET = 5.1;
				OTHER_CFLAGS = "-DNS_BLOCK_ASSERTIONS=1";
				SDKROOT = iphoneos;
				TARGETED_DEVICE_FAMILY = "1,2";
				VALIDATE_PRODUCT = YES;
			};
			name = Release;
		};
		4DEB308815BB57DF006DDE62 /* Debug */ = {
			isa = XCBuildConfiguration;
			buildSettings = {
				"CODE_SIGN_IDENTITY[sdk=iphoneos*]" = "iPhone Developer";
				FRAMEWORK_SEARCH_PATHS = (
					"$(inherited)",
					"\"$(SRCROOT)/External/StackMob/External/libraries\"",
				);
				GCC_PRECOMPILE_PREFIX_HEADER = YES;
				GCC_PREFIX_HEADER = "GetIt/GetIt-Prefix.pch";
				INFOPLIST_FILE = "GetIt/GetIt-Info.plist";
				LIBRARY_SEARCH_PATHS = (
					"$(inherited)",
					"\"$(SRCROOT)/External/StackMob/External/inneractive/lib\"",
					"\"$(SRCROOT)/External/CardIO\"",
				);
				OTHER_LDFLAGS = "-lstdc++";
				PRODUCT_NAME = "$(TARGET_NAME)";
				"PROVISIONING_PROFILE[sdk=iphoneos*]" = "";
				WRAPPER_EXTENSION = app;
			};
			name = Debug;
		};
		4DEB308915BB57DF006DDE62 /* Release */ = {
			isa = XCBuildConfiguration;
			buildSettings = {
				"CODE_SIGN_IDENTITY[sdk=iphoneos*]" = "iPhone Distribution";
				FRAMEWORK_SEARCH_PATHS = (
					"$(inherited)",
					"\"$(SRCROOT)/External/StackMob/External/libraries\"",
				);
				GCC_PRECOMPILE_PREFIX_HEADER = YES;
				GCC_PREFIX_HEADER = "GetIt/GetIt-Prefix.pch";
				INFOPLIST_FILE = "GetIt/GetIt-Info.plist";
				LIBRARY_SEARCH_PATHS = (
					"$(inherited)",
					"\"$(SRCROOT)/External/StackMob/External/inneractive/lib\"",
					"\"$(SRCROOT)/External/CardIO\"",
				);
				OTHER_LDFLAGS = "-lstdc++";
				PRODUCT_NAME = "$(TARGET_NAME)";
				"PROVISIONING_PROFILE[sdk=iphoneos*]" = "";
				WRAPPER_EXTENSION = app;
			};
			name = Release;
		};
/* End XCBuildConfiguration section */

/* Begin XCConfigurationList section */
		4DEB306015BB57DF006DDE62 /* Build configuration list for PBXProject "GetIt" */ = {
			isa = XCConfigurationList;
			buildConfigurations = (
				4DEB308515BB57DF006DDE62 /* Debug */,
				4DEB308615BB57DF006DDE62 /* Release */,
			);
			defaultConfigurationIsVisible = 0;
			defaultConfigurationName = Release;
		};
		4DEB308715BB57DF006DDE62 /* Build configuration list for PBXNativeTarget "GetIt" */ = {
			isa = XCConfigurationList;
			buildConfigurations = (
				4DEB308815BB57DF006DDE62 /* Debug */,
				4DEB308915BB57DF006DDE62 /* Release */,
			);
			defaultConfigurationIsVisible = 0;
			defaultConfigurationName = Release;
		};
/* End XCConfigurationList section */
	};
	rootObject = 4DEB305D15BB57DF006DDE62 /* Project object */;
}
